
Microsoft Visual Studio Solution File, Format Version 12.00
Project("{FAE04EC0-301F-11D3-BF4B-00C04F79EFBC}") = "Task4Reflection", "Task4Reflection\Task4Reflection.csproj", "{DC9004A7-6924-4B47-92E7-A3C124363590}"
EndProject
Global
	GlobalSection(SolutionConfigurationPlatforms) = preSolution
		Debug|Any CPU = Debug|Any CPU
		Release|Any CPU = Release|Any CPU
	EndGlobalSection
	GlobalSection(ProjectConfigurationPlatforms) = postSolution
		{DC9004A7-6924-4B47-92E7-A3C124363590}.Debug|Any CPU.ActiveCfg = Debug|Any CPU
		{DC9004A7-6924-4B47-92E7-A3C124363590}.Debug|Any CPU.Build.0 = Debug|Any CPU
		{DC9004A7-6924-4B47-92E7-A3C124363590}.Release|Any CPU.ActiveCfg = Release|Any CPU
		{DC9004A7-6924-4B47-92E7-A3C124363590}.Release|Any CPU.Build.0 = Release|Any CPU
	EndGlobalSection
EndGlobal
